{
  "nodes": {
    "home-manager": {
      "inputs": {
        "nixpkgs": "nixpkgs"
      },
      "locked": {
        "lastModified": 1639644962,
        "narHash": "sha256-KapSYcM2r0PyQCAKg5J6rrXkXmw4cItR3jEckH/pAfo=",
        "owner": "nix-community",
        "repo": "home-manager",
        "rev": "42ba7b630437ab04b9d97b0745194cd913481051",
        "type": "github"
      },
      "original": {
        "owner": "nix-community",
        "repo": "home-manager",
        "type": "github"
      }
    },
    "nixpkgs": {
      "locked": {
        "lastModified": 1639566195,
        "narHash": "sha256-ZnTBGSV6bTwopdDibmsBaAkedmTZC/rOgwQzOGcOD+s=",
        "owner": "NixOS",
        "repo": "nixpkgs",
        "rev": "3c52ea8c9216a0d5b7a7b4d74a9d2e858b06df5c",
        "type": "github"
      },
      "original": {
        "id": "nixpkgs",
        "type": "indirect"
      }
    },
    "nixpkgs-url-bot": {
      "locked": {
        "lastModified": 1639449096,
        "narHash": "sha256-O9fyd/QvkICprXTWTjX59Eo+IdYDIjKvhkcCpNa6AoQ=",
        "owner": "nixos",
        "repo": "nixpkgs",
        "rev": "4e5f0ca4b33180243f2c6e9bd25951ce3ed4a1b6",
        "type": "github"
      },
      "original": {
        "owner": "nixos",
        "repo": "nixpkgs",
        "rev": "4e5f0ca4b33180243f2c6e9bd25951ce3ed4a1b6",
        "type": "github"
      }
    },
    "nixpkgs_2": {
      "locked": {
        "lastModified": 1639525045,
        "narHash": "sha256-z4GXFNzO+5V4CAUm2DDMAryLOWUKEbQif2ifvv1Ypg4=",
        "owner": "nixos",
        "repo": "nixpkgs",
        "rev": "a2e281f5770247855b85d70c43454ba5bff34613",
        "type": "github"
      },
      "original": {
        "owner": "nixos",
        "ref": "nixos-unstable",
        "repo": "nixpkgs",
        "type": "github"
      }
    },
    "root": {
      "inputs": {
        "home-manager": "home-manager",
        "nixpkgs": "nixpkgs_2",
        "nixpkgs-url-bot": "nixpkgs-url-bot"
      }
    }
  },
  "root": "root",
  "version": 7
}
