{
  "nodes": {
    "home-manager": {
      "inputs": {
        "nixpkgs": "nixpkgs"
      },
      "locked": {
        "lastModified": 1639695966,
        "narHash": "sha256-p7NLQXuG6FW0jnigznCUheQCORRcynSnZm3d6sqyFLM=",
        "owner": "nix-community",
        "repo": "home-manager",
        "rev": "6c6f934f0ba77dbcaefa84c106cab505f1e5bc58",
        "type": "github"
      },
      "original": {
        "owner": "nix-community",
        "repo": "home-manager",
        "type": "github"
      }
    },
    "nixpkgs": {
      "locked": {
        "lastModified": 1639566195,
        "narHash": "sha256-ZnTBGSV6bTwopdDibmsBaAkedmTZC/rOgwQzOGcOD+s=",
        "owner": "NixOS",
        "repo": "nixpkgs",
        "rev": "3c52ea8c9216a0d5b7a7b4d74a9d2e858b06df5c",
        "type": "github"
      },
      "original": {
        "id": "nixpkgs",
        "type": "indirect"
      }
    },
    "nixpkgs-url-bot": {
      "locked": {
        "lastModified": 1639449096,
        "narHash": "sha256-O9fyd/QvkICprXTWTjX59Eo+IdYDIjKvhkcCpNa6AoQ=",
        "owner": "nixos",
        "repo": "nixpkgs",
        "rev": "4e5f0ca4b33180243f2c6e9bd25951ce3ed4a1b6",
        "type": "github"
      },
      "original": {
        "owner": "nixos",
        "repo": "nixpkgs",
        "rev": "4e5f0ca4b33180243f2c6e9bd25951ce3ed4a1b6",
        "type": "github"
      }
    },
    "nixpkgs_2": {
      "locked": {
        "lastModified": 1639794666,
        "narHash": "sha256-z3p8JuDoJLaxG0alz4dUCc1jkUsFySrTDiHcgg68zZo=",
        "owner": "nixos",
        "repo": "nixpkgs",
        "rev": "bedc4e5192fc213fc959639a3e636bf29f6b010c",
        "type": "github"
      },
      "original": {
        "owner": "nixos",
        "repo": "nixpkgs",
        "rev": "bedc4e5192fc213fc959639a3e636bf29f6b010c",
        "type": "github"
      }
    },
    "root": {
      "inputs": {
        "home-manager": "home-manager",
        "nixpkgs": "nixpkgs_2",
        "nixpkgs-url-bot": "nixpkgs-url-bot"
      }
    }
  },
  "root": "root",
  "version": 7
}
